
Microsoft Visual Studio Solution File, Format Version 12.00
# Visual Studio Version 16
VisualStudioVersion = 16.0.30907.101
MinimumVisualStudioVersion = 10.0.40219.1
Project("{FAE04EC0-301F-11D3-BF4B-00C04F79EFBC}") = "GameSimulation", "GameSimulation\GameSimulation.csproj", "{66194268-44F8-4E6C-9F10-A20FEAC1A82A}"
EndProject
Global
	GlobalSection(SolutionConfigurationPlatforms) = preSolution
		Debug|Any CPU = Debug|Any CPU
		Release|Any CPU = Release|Any CPU
	EndGlobalSection
	GlobalSection(ProjectConfigurationPlatforms) = postSolution
		{66194268-44F8-4E6C-9F10-A20FEAC1A82A}.Debug|Any CPU.ActiveCfg = Debug|Any CPU
		{66194268-44F8-4E6C-9F10-A20FEAC1A82A}.Debug|Any CPU.Build.0 = Debug|Any CPU
		{66194268-44F8-4E6C-9F10-A20FEAC1A82A}.Release|Any CPU.ActiveCfg = Release|Any CPU
		{66194268-44F8-4E6C-9F10-A20FEAC1A82A}.Release|Any CPU.Build.0 = Release|Any CPU
	EndGlobalSection
	GlobalSection(SolutionProperties) = preSolution
		HideSolutionNode = FALSE
	EndGlobalSection
	GlobalSection(ExtensibilityGlobals) = postSolution
		SolutionGuid = {79A283D6-7D40-4507-9E38-6D38189B9389}
	EndGlobalSection
EndGlobal
